// !$*UTF8*$!
{
	archiveVersion = 1;
	classes = {
	};
	objectVersion = 56;
	objects = {

/* Begin PBXBuildFile section */
		6F0795522BAFCC46008E9F84 /* TweetTableViewCell.swift in Sources */ = {isa = PBXBuildFile; fileRef = 6F0795512BAFCC46008E9F84 /* TweetTableViewCell.swift */; };
		6F4886D62BE4C302004DEC36 /* GoogleService-Info.plist in Resources */ = {isa = PBXBuildFile; fileRef = 6F4886D52BE4C302004DEC36 /* GoogleService-Info.plist */; };
		6F51EF6F2BACFFE900D47404 /* AppDelegate.swift in Sources */ = {isa = PBXBuildFile; fileRef = 6F51EF6E2BACFFE900D47404 /* AppDelegate.swift */; };
		6F51EF712BACFFE900D47404 /* SceneDelegate.swift in Sources */ = {isa = PBXBuildFile; fileRef = 6F51EF702BACFFE900D47404 /* SceneDelegate.swift */; };
		6F51EF732BACFFE900D47404 /* MainTabbarViewController.swift in Sources */ = {isa = PBXBuildFile; fileRef = 6F51EF722BACFFE900D47404 /* MainTabbarViewController.swift */; };
		6F51EF782BACFFE900D47404 /* Assets.xcassets in Resources */ = {isa = PBXBuildFile; fileRef = 6F51EF772BACFFE900D47404 /* Assets.xcassets */; };
		6F51EF7B2BACFFE900D47404 /* Base in Resources */ = {isa = PBXBuildFile; fileRef = 6F51EF7A2BACFFE900D47404 /* Base */; };
		6F51EF852BAD019B00D47404 /* HomeViewController.swift in Sources */ = {isa = PBXBuildFile; fileRef = 6F51EF842BAD019B00D47404 /* HomeViewController.swift */; };
		6F51EF872BAD01D900D47404 /* SearchViewController.swift in Sources */ = {isa = PBXBuildFile; fileRef = 6F51EF862BAD01D900D47404 /* SearchViewController.swift */; };
		6F51EF892BAD020A00D47404 /* NotificationsViewController.swift in Sources */ = {isa = PBXBuildFile; fileRef = 6F51EF882BAD020A00D47404 /* NotificationsViewController.swift */; };
		6F51EF8B2BAD025000D47404 /* DirectMessagesViewController.swift in Sources */ = {isa = PBXBuildFile; fileRef = 6F51EF8A2BAD025000D47404 /* DirectMessagesViewController.swift */; };
		6F62D2D02BE330D20015D50A /* ProfileViewController.swift in Sources */ = {isa = PBXBuildFile; fileRef = 6F62D2CF2BE330D20015D50A /* ProfileViewController.swift */; };
		6F62D2D42BE531140015D50A /* RegisterViewViewModel.swift in Sources */ = {isa = PBXBuildFile; fileRef = 6F62D2D32BE531140015D50A /* RegisterViewViewModel.swift */; };
		6F62D2D92BE5D5B60015D50A /* AuthManager.swift in Sources */ = {isa = PBXBuildFile; fileRef = 6F62D2D82BE5D5B60015D50A /* AuthManager.swift */; };
		6FCF4D762BE32E4900B2B949 /* ProfileTableViewHeader.swift in Sources */ = {isa = PBXBuildFile; fileRef = 6FCF4D752BE32E4900B2B949 /* ProfileTableViewHeader.swift */; };
		6FDF45E42BE4D17D003A37C6 /* FirebaseAnalytics in Frameworks */ = {isa = PBXBuildFile; productRef = 6FDF45E32BE4D17D003A37C6 /* FirebaseAnalytics */; };
		6FDF45E62BE4D17D003A37C6 /* FirebaseAnalyticsOnDeviceConversion in Frameworks */ = {isa = PBXBuildFile; productRef = 6FDF45E52BE4D17D003A37C6 /* FirebaseAnalyticsOnDeviceConversion */; };
		6FDF45E82BE4D17D003A37C6 /* FirebaseAnalyticsSwift in Frameworks */ = {isa = PBXBuildFile; productRef = 6FDF45E72BE4D17D003A37C6 /* FirebaseAnalyticsSwift */; };
		6FDF45EA2BE4D17D003A37C6 /* FirebaseAnalyticsWithoutAdIdSupport in Frameworks */ = {isa = PBXBuildFile; productRef = 6FDF45E92BE4D17D003A37C6 /* FirebaseAnalyticsWithoutAdIdSupport */; };
		6FDF45EC2BE4D17D003A37C6 /* FirebaseAppCheck in Frameworks */ = {isa = PBXBuildFile; productRef = 6FDF45EB2BE4D17D003A37C6 /* FirebaseAppCheck */; };
		6FDF45EE2BE4D17D003A37C6 /* FirebaseAppDistribution-Beta in Frameworks */ = {isa = PBXBuildFile; productRef = 6FDF45ED2BE4D17D003A37C6 /* FirebaseAppDistribution-Beta */; };
		6FDF45F02BE4D17D003A37C6 /* FirebaseAuth in Frameworks */ = {isa = PBXBuildFile; productRef = 6FDF45EF2BE4D17D003A37C6 /* FirebaseAuth */; };
		6FDF45F22BE4D17D003A37C6 /* FirebaseAuthCombine-Community in Frameworks */ = {isa = PBXBuildFile; productRef = 6FDF45F12BE4D17D003A37C6 /* FirebaseAuthCombine-Community */; };
		6FDF45F42BE4D17D003A37C6 /* FirebaseCrashlytics in Frameworks */ = {isa = PBXBuildFile; productRef = 6FDF45F32BE4D17D003A37C6 /* FirebaseCrashlytics */; };
		6FDF45F62BE4D17D003A37C6 /* FirebaseDatabase in Frameworks */ = {isa = PBXBuildFile; productRef = 6FDF45F52BE4D17D003A37C6 /* FirebaseDatabase */; };
		6FDF45F82BE4D17D003A37C6 /* FirebaseDatabaseSwift in Frameworks */ = {isa = PBXBuildFile; productRef = 6FDF45F72BE4D17D003A37C6 /* FirebaseDatabaseSwift */; };
		6FDF45FA2BE4D17D003A37C6 /* FirebaseDynamicLinks in Frameworks */ = {isa = PBXBuildFile; productRef = 6FDF45F92BE4D17D003A37C6 /* FirebaseDynamicLinks */; };
		6FDF45FC2BE4D17D003A37C6 /* FirebaseFirestore in Frameworks */ = {isa = PBXBuildFile; productRef = 6FDF45FB2BE4D17D003A37C6 /* FirebaseFirestore */; };
		6FDF45FE2BE4D17D003A37C6 /* FirebaseFirestoreCombine-Community in Frameworks */ = {isa = PBXBuildFile; productRef = 6FDF45FD2BE4D17D003A37C6 /* FirebaseFirestoreCombine-Community */; };
		6FDF46002BE4D17D003A37C6 /* FirebaseFirestoreSwift in Frameworks */ = {isa = PBXBuildFile; productRef = 6FDF45FF2BE4D17D003A37C6 /* FirebaseFirestoreSwift */; };
		6FDF46022BE4D17D003A37C6 /* FirebaseFunctions in Frameworks */ = {isa = PBXBuildFile; productRef = 6FDF46012BE4D17D003A37C6 /* FirebaseFunctions */; };
		6FDF46042BE4D17D003A37C6 /* FirebaseFunctionsCombine-Community in Frameworks */ = {isa = PBXBuildFile; productRef = 6FDF46032BE4D17D003A37C6 /* FirebaseFunctionsCombine-Community */; };
		6FDF46062BE4D17D003A37C6 /* FirebaseInAppMessaging-Beta in Frameworks */ = {isa = PBXBuildFile; productRef = 6FDF46052BE4D17D003A37C6 /* FirebaseInAppMessaging-Beta */; };
		6FDF46082BE4D17D003A37C6 /* FirebaseInAppMessagingSwift-Beta in Frameworks */ = {isa = PBXBuildFile; productRef = 6FDF46072BE4D17D003A37C6 /* FirebaseInAppMessagingSwift-Beta */; };
		6FDF460A2BE4D17D003A37C6 /* FirebaseInstallations in Frameworks */ = {isa = PBXBuildFile; productRef = 6FDF46092BE4D17D003A37C6 /* FirebaseInstallations */; };
		6FDF460C2BE4D17D003A37C6 /* FirebaseMLModelDownloader in Frameworks */ = {isa = PBXBuildFile; productRef = 6FDF460B2BE4D17D003A37C6 /* FirebaseMLModelDownloader */; };
		6FDF460E2BE4D17D003A37C6 /* FirebaseMessaging in Frameworks */ = {isa = PBXBuildFile; productRef = 6FDF460D2BE4D17D003A37C6 /* FirebaseMessaging */; };
		6FDF46102BE4D17D003A37C6 /* FirebasePerformance in Frameworks */ = {isa = PBXBuildFile; productRef = 6FDF460F2BE4D17D003A37C6 /* FirebasePerformance */; };
		6FDF46122BE4D17D003A37C6 /* FirebaseRemoteConfig in Frameworks */ = {isa = PBXBuildFile; productRef = 6FDF46112BE4D17D003A37C6 /* FirebaseRemoteConfig */; };
		6FDF46142BE4D17D003A37C6 /* FirebaseRemoteConfigSwift in Frameworks */ = {isa = PBXBuildFile; productRef = 6FDF46132BE4D17D003A37C6 /* FirebaseRemoteConfigSwift */; };
		6FDF46162BE4D17D003A37C6 /* FirebaseStorage in Frameworks */ = {isa = PBXBuildFile; productRef = 6FDF46152BE4D17D003A37C6 /* FirebaseStorage */; };
		6FDF46182BE4D17D003A37C6 /* FirebaseStorageCombine-Community in Frameworks */ = {isa = PBXBuildFile; productRef = 6FDF46172BE4D17D003A37C6 /* FirebaseStorageCombine-Community */; };
		6FDF461B2BE4D57C003A37C6 /* OnboardingViewController.swift in Sources */ = {isa = PBXBuildFile; fileRef = 6FDF461A2BE4D57C003A37C6 /* OnboardingViewController.swift */; };
		6FDF461D2BE4E004003A37C6 /* RegisterViewController.swift in Sources */ = {isa = PBXBuildFile; fileRef = 6FDF461C2BE4E004003A37C6 /* RegisterViewController.swift */; };
/* End PBXBuildFile section */

/* Begin PBXFileReference section */
		6F0795512BAFCC46008E9F84 /* TweetTableViewCell.swift */ = {isa = PBXFileReference; lastKnownFileType = sourcecode.swift; path = TweetTableViewCell.swift; sourceTree = "<group>"; };
		6F4886D52BE4C302004DEC36 /* GoogleService-Info.plist */ = {isa = PBXFileReference; fileEncoding = 4; lastKnownFileType = text.plist.xml; path = "GoogleService-Info.plist"; sourceTree = "<group>"; };
		6F51EF6B2BACFFE900D47404 /* NomikTwitterClone.app */ = {isa = PBXFileReference; explicitFileType = wrapper.application; includeInIndex = 0; path = NomikTwitterClone.app; sourceTree = BUILT_PRODUCTS_DIR; };
		6F51EF6E2BACFFE900D47404 /* AppDelegate.swift */ = {isa = PBXFileReference; lastKnownFileType = sourcecode.swift; path = AppDelegate.swift; sourceTree = "<group>"; };
		6F51EF702BACFFE900D47404 /* SceneDelegate.swift */ = {isa = PBXFileReference; lastKnownFileType = sourcecode.swift; path = SceneDelegate.swift; sourceTree = "<group>"; };
		6F51EF722BACFFE900D47404 /* MainTabbarViewController.swift */ = {isa = PBXFileReference; lastKnownFileType = sourcecode.swift; path = MainTabbarViewController.swift; sourceTree = "<group>"; };
		6F51EF772BACFFE900D47404 /* Assets.xcassets */ = {isa = PBXFileReference; lastKnownFileType = folder.assetcatalog; path = Assets.xcassets; sourceTree = "<group>"; };
		6F51EF7A2BACFFE900D47404 /* Base */ = {isa = PBXFileReference; lastKnownFileType = file.storyboard; name = Base; path = Base.lproj/LaunchScreen.storyboard; sourceTree = "<group>"; };
		6F51EF7C2BACFFE900D47404 /* Info.plist */ = {isa = PBXFileReference; lastKnownFileType = text.plist.xml; path = Info.plist; sourceTree = "<group>"; };
		6F51EF842BAD019B00D47404 /* HomeViewController.swift */ = {isa = PBXFileReference; lastKnownFileType = sourcecode.swift; path = HomeViewController.swift; sourceTree = "<group>"; };
		6F51EF862BAD01D900D47404 /* SearchViewController.swift */ = {isa = PBXFileReference; lastKnownFileType = sourcecode.swift; path = SearchViewController.swift; sourceTree = "<group>"; };
		6F51EF882BAD020A00D47404 /* NotificationsViewController.swift */ = {isa = PBXFileReference; lastKnownFileType = sourcecode.swift; path = NotificationsViewController.swift; sourceTree = "<group>"; };
		6F51EF8A2BAD025000D47404 /* DirectMessagesViewController.swift */ = {isa = PBXFileReference; lastKnownFileType = sourcecode.swift; path = DirectMessagesViewController.swift; sourceTree = "<group>"; };
		6F62D2CF2BE330D20015D50A /* ProfileViewController.swift */ = {isa = PBXFileReference; lastKnownFileType = sourcecode.swift; path = ProfileViewController.swift; sourceTree = "<group>"; };
		6F62D2D32BE531140015D50A /* RegisterViewViewModel.swift */ = {isa = PBXFileReference; lastKnownFileType = sourcecode.swift; path = RegisterViewViewModel.swift; sourceTree = "<group>"; };
		6F62D2D82BE5D5B60015D50A /* AuthManager.swift */ = {isa = PBXFileReference; lastKnownFileType = sourcecode.swift; path = AuthManager.swift; sourceTree = "<group>"; };
		6FCF4D752BE32E4900B2B949 /* ProfileTableViewHeader.swift */ = {isa = PBXFileReference; fileEncoding = 4; lastKnownFileType = sourcecode.swift; name = ProfileTableViewHeader.swift; path = NomikTwitterClone/Views/ProfileTableViewHeader.swift; sourceTree = SOURCE_ROOT; };
		6FDF461A2BE4D57C003A37C6 /* OnboardingViewController.swift */ = {isa = PBXFileReference; lastKnownFileType = sourcecode.swift; path = OnboardingViewController.swift; sourceTree = "<group>"; };
		6FDF461C2BE4E004003A37C6 /* RegisterViewController.swift */ = {isa = PBXFileReference; lastKnownFileType = sourcecode.swift; path = RegisterViewController.swift; sourceTree = "<group>"; };
/* End PBXFileReference section */

/* Begin PBXFrameworksBuildPhase section */
		6F51EF682BACFFE900D47404 /* Frameworks */ = {
			isa = PBXFrameworksBuildPhase;
			buildActionMask = 2147483647;
			files = (
				6FDF45F62BE4D17D003A37C6 /* FirebaseDatabase in Frameworks */,
				6FDF46042BE4D17D003A37C6 /* FirebaseFunctionsCombine-Community in Frameworks */,
				6FDF45FC2BE4D17D003A37C6 /* FirebaseFirestore in Frameworks */,
				6FDF45E82BE4D17D003A37C6 /* FirebaseAnalyticsSwift in Frameworks */,
				6FDF45E42BE4D17D003A37C6 /* FirebaseAnalytics in Frameworks */,
				6FDF45E62BE4D17D003A37C6 /* FirebaseAnalyticsOnDeviceConversion in Frameworks */,
				6FDF460C2BE4D17D003A37C6 /* FirebaseMLModelDownloader in Frameworks */,
				6FDF46002BE4D17D003A37C6 /* FirebaseFirestoreSwift in Frameworks */,
				6FDF45EC2BE4D17D003A37C6 /* FirebaseAppCheck in Frameworks */,
				6FDF45EA2BE4D17D003A37C6 /* FirebaseAnalyticsWithoutAdIdSupport in Frameworks */,
				6FDF45F02BE4D17D003A37C6 /* FirebaseAuth in Frameworks */,
				6FDF45F42BE4D17D003A37C6 /* FirebaseCrashlytics in Frameworks */,
				6FDF46142BE4D17D003A37C6 /* FirebaseRemoteConfigSwift in Frameworks */,
				6FDF46062BE4D17D003A37C6 /* FirebaseInAppMessaging-Beta in Frameworks */,
				6FDF45F82BE4D17D003A37C6 /* FirebaseDatabaseSwift in Frameworks */,
				6FDF46022BE4D17D003A37C6 /* FirebaseFunctions in Frameworks */,
				6FDF46182BE4D17D003A37C6 /* FirebaseStorageCombine-Community in Frameworks */,
				6FDF46122BE4D17D003A37C6 /* FirebaseRemoteConfig in Frameworks */,
				6FDF45EE2BE4D17D003A37C6 /* FirebaseAppDistribution-Beta in Frameworks */,
				6FDF45F22BE4D17D003A37C6 /* FirebaseAuthCombine-Community in Frameworks */,
				6FDF46102BE4D17D003A37C6 /* FirebasePerformance in Frameworks */,
				6FDF46082BE4D17D003A37C6 /* FirebaseInAppMessagingSwift-Beta in Frameworks */,
				6FDF46162BE4D17D003A37C6 /* FirebaseStorage in Frameworks */,
				6FDF45FA2BE4D17D003A37C6 /* FirebaseDynamicLinks in Frameworks */,
				6FDF45FE2BE4D17D003A37C6 /* FirebaseFirestoreCombine-Community in Frameworks */,
				6FDF460E2BE4D17D003A37C6 /* FirebaseMessaging in Frameworks */,
				6FDF460A2BE4D17D003A37C6 /* FirebaseInstallations in Frameworks */,
			);
			runOnlyForDeploymentPostprocessing = 0;
		};
/* End PBXFrameworksBuildPhase section */

/* Begin PBXGroup section */
		6F07954E2BAFCB67008E9F84 /* Views */ = {
			isa = PBXGroup;
			children = (
				6F0795512BAFCC46008E9F84 /* TweetTableViewCell.swift */,
				6FCF4D752BE32E4900B2B949 /* ProfileTableViewHeader.swift */,
			);
			path = Views;
			sourceTree = "<group>";
		};
		6F51EF622BACFFE800D47404 = {
			isa = PBXGroup;
			children = (
				6F51EF6D2BACFFE900D47404 /* NomikTwitterClone */,
				6F51EF6C2BACFFE900D47404 /* Products */,
			);
			sourceTree = "<group>";
		};
		6F51EF6C2BACFFE900D47404 /* Products */ = {
			isa = PBXGroup;
			children = (
				6F51EF6B2BACFFE900D47404 /* NomikTwitterClone.app */,
			);
			name = Products;
			sourceTree = "<group>";
		};
		6F51EF6D2BACFFE900D47404 /* NomikTwitterClone */ = {
			isa = PBXGroup;
			children = (
				6F62D2D52BE531230015D50A /* Resources */,
				6F62D2D72BE5D5840015D50A /* Networking */,
				6F62D2D62BE5318B0015D50A /* Models */,
				6F07954E2BAFCB67008E9F84 /* Views */,
				6F62D2D22BE530BF0015D50A /* ViewModels */,
				6FDF46192BE4D520003A37C6 /* Onboarding */,
				6F51EF822BAD015300D47404 /* Controllers */,
				6F4886D52BE4C302004DEC36 /* GoogleService-Info.plist */,
				6F51EF7C2BACFFE900D47404 /* Info.plist */,
			);
			path = NomikTwitterClone;
			sourceTree = "<group>";
		};
		6F51EF822BAD015300D47404 /* Controllers */ = {
			isa = PBXGroup;
			children = (
				6F62D2D12BE331130015D50A /* Genls */,
				6F51EF832BAD018000D47404 /* Core */,
			);
			path = Controllers;
			sourceTree = "<group>";
		};
		6F51EF832BAD018000D47404 /* Core */ = {
			isa = PBXGroup;
			children = (
				6F51EF722BACFFE900D47404 /* MainTabbarViewController.swift */,
				6F51EF842BAD019B00D47404 /* HomeViewController.swift */,
				6F51EF862BAD01D900D47404 /* SearchViewController.swift */,
				6F51EF882BAD020A00D47404 /* NotificationsViewController.swift */,
				6F51EF8A2BAD025000D47404 /* DirectMessagesViewController.swift */,
			);
			path = Core;
			sourceTree = "<group>";
		};
		6F62D2D12BE331130015D50A /* Genls */ = {
			isa = PBXGroup;
			children = (
				6F62D2CF2BE330D20015D50A /* ProfileViewController.swift */,
			);
			path = Genls;
			sourceTree = "<group>";
		};
		6F62D2D22BE530BF0015D50A /* ViewModels */ = {
			isa = PBXGroup;
			children = (
				6F62D2D32BE531140015D50A /* RegisterViewViewModel.swift */,
			);
			path = ViewModels;
			sourceTree = "<group>";
		};
		6F62D2D52BE531230015D50A /* Resources */ = {
			isa = PBXGroup;
			children = (
				6F51EF6E2BACFFE900D47404 /* AppDelegate.swift */,
				6F51EF702BACFFE900D47404 /* SceneDelegate.swift */,
				6F51EF772BACFFE900D47404 /* Assets.xcassets */,
				6F51EF792BACFFE900D47404 /* LaunchScreen.storyboard */,
			);
			path = Resources;
			sourceTree = "<group>";
		};
		6F62D2D62BE5318B0015D50A /* Models */ = {
			isa = PBXGroup;
			children = (
			);
			path = Models;
			sourceTree = "<group>";
		};
		6F62D2D72BE5D5840015D50A /* Networking */ = {
			isa = PBXGroup;
			children = (
				6F62D2D82BE5D5B60015D50A /* AuthManager.swift */,
			);
			path = Networking;
			sourceTree = "<group>";
		};
		6FDF46192BE4D520003A37C6 /* Onboarding */ = {
			isa = PBXGroup;
			children = (
				6FDF461A2BE4D57C003A37C6 /* OnboardingViewController.swift */,
				6FDF461C2BE4E004003A37C6 /* RegisterViewController.swift */,
			);
			path = Onboarding;
			sourceTree = "<group>";
		};
/* End PBXGroup section */

/* Begin PBXNativeTarget section */
		6F51EF6A2BACFFE900D47404 /* NomikTwitterClone */ = {
			isa = PBXNativeTarget;
			buildConfigurationList = 6F51EF7F2BACFFE900D47404 /* Build configuration list for PBXNativeTarget "NomikTwitterClone" */;
			buildPhases = (
				6F51EF672BACFFE900D47404 /* Sources */,
				6F51EF682BACFFE900D47404 /* Frameworks */,
				6F51EF692BACFFE900D47404 /* Resources */,
			);
			buildRules = (
			);
			dependencies = (
			);
			name = NomikTwitterClone;
			packageProductDependencies = (
				6FDF45E32BE4D17D003A37C6 /* FirebaseAnalytics */,
				6FDF45E52BE4D17D003A37C6 /* FirebaseAnalyticsOnDeviceConversion */,
				6FDF45E72BE4D17D003A37C6 /* FirebaseAnalyticsSwift */,
				6FDF45E92BE4D17D003A37C6 /* FirebaseAnalyticsWithoutAdIdSupport */,
				6FDF45EB2BE4D17D003A37C6 /* FirebaseAppCheck */,
				6FDF45ED2BE4D17D003A37C6 /* FirebaseAppDistribution-Beta */,
				6FDF45EF2BE4D17D003A37C6 /* FirebaseAuth */,
				6FDF45F12BE4D17D003A37C6 /* FirebaseAuthCombine-Community */,
				6FDF45F32BE4D17D003A37C6 /* FirebaseCrashlytics */,
				6FDF45F52BE4D17D003A37C6 /* FirebaseDatabase */,
				6FDF45F72BE4D17D003A37C6 /* FirebaseDatabaseSwift */,
				6FDF45F92BE4D17D003A37C6 /* FirebaseDynamicLinks */,
				6FDF45FB2BE4D17D003A37C6 /* FirebaseFirestore */,
				6FDF45FD2BE4D17D003A37C6 /* FirebaseFirestoreCombine-Community */,
				6FDF45FF2BE4D17D003A37C6 /* FirebaseFirestoreSwift */,
				6FDF46012BE4D17D003A37C6 /* FirebaseFunctions */,
				6FDF46032BE4D17D003A37C6 /* FirebaseFunctionsCombine-Community */,
				6FDF46052BE4D17D003A37C6 /* FirebaseInAppMessaging-Beta */,
				6FDF46072BE4D17D003A37C6 /* FirebaseInAppMessagingSwift-Beta */,
				6FDF46092BE4D17D003A37C6 /* FirebaseInstallations */,
				6FDF460B2BE4D17D003A37C6 /* FirebaseMLModelDownloader */,
				6FDF460D2BE4D17D003A37C6 /* FirebaseMessaging */,
				6FDF460F2BE4D17D003A37C6 /* FirebasePerformance */,
				6FDF46112BE4D17D003A37C6 /* FirebaseRemoteConfig */,
				6FDF46132BE4D17D003A37C6 /* FirebaseRemoteConfigSwift */,
				6FDF46152BE4D17D003A37C6 /* FirebaseStorage */,
				6FDF46172BE4D17D003A37C6 /* FirebaseStorageCombine-Community */,
			);
			productName = NomikTwitterClone;
			productReference = 6F51EF6B2BACFFE900D47404 /* NomikTwitterClone.app */;
			productType = "com.apple.product-type.application";
		};
/* End PBXNativeTarget section */

/* Begin PBXProject section */
		6F51EF632BACFFE800D47404 /* Project object */ = {
			isa = PBXProject;
			attributes = {
				BuildIndependentTargetsInParallel = 1;
				LastSwiftUpdateCheck = 1530;
				LastUpgradeCheck = 1530;
				TargetAttributes = {
					6F51EF6A2BACFFE900D47404 = {
						CreatedOnToolsVersion = 15.3;
					};
				};
			};
			buildConfigurationList = 6F51EF662BACFFE800D47404 /* Build configuration list for PBXProject "NomikTwitterClone" */;
			compatibilityVersion = "Xcode 14.0";
			developmentRegion = en;
			hasScannedForEncodings = 0;
			knownRegions = (
				en,
				Base,
			);
			mainGroup = 6F51EF622BACFFE800D47404;
			packageReferences = (
				6F4886D72BE4C3AB004DEC36 /* XCRemoteSwiftPackageReference "firebase-ios-sdk" */,
			);
			productRefGroup = 6F51EF6C2BACFFE900D47404 /* Products */;
			projectDirPath = "";
			projectRoot = "";
			targets = (
				6F51EF6A2BACFFE900D47404 /* NomikTwitterClone */,
			);
		};
/* End PBXProject section */

/* Begin PBXResourcesBuildPhase section */
		6F51EF692BACFFE900D47404 /* Resources */ = {
			isa = PBXResourcesBuildPhase;
			buildActionMask = 2147483647;
			files = (
				6F51EF782BACFFE900D47404 /* Assets.xcassets in Resources */,
				6F51EF7B2BACFFE900D47404 /* Base in Resources */,
				6F4886D62BE4C302004DEC36 /* GoogleService-Info.plist in Resources */,
			);
			runOnlyForDeploymentPostprocessing = 0;
		};
/* End PBXResourcesBuildPhase section */

/* Begin PBXSourcesBuildPhase section */
		6F51EF672BACFFE900D47404 /* Sources */ = {
			isa = PBXSourcesBuildPhase;
			buildActionMask = 2147483647;
			files = (
				6F51EF872BAD01D900D47404 /* SearchViewController.swift in Sources */,
				6F62D2D92BE5D5B60015D50A /* AuthManager.swift in Sources */,
				6F51EF732BACFFE900D47404 /* MainTabbarViewController.swift in Sources */,
				6F62D2D02BE330D20015D50A /* ProfileViewController.swift in Sources */,
				6FDF461D2BE4E004003A37C6 /* RegisterViewController.swift in Sources */,
				6F51EF6F2BACFFE900D47404 /* AppDelegate.swift in Sources */,
				6F51EF892BAD020A00D47404 /* NotificationsViewController.swift in Sources */,
				6F51EF712BACFFE900D47404 /* SceneDelegate.swift in Sources */,
				6F51EF852BAD019B00D47404 /* HomeViewController.swift in Sources */,
				6F51EF8B2BAD025000D47404 /* DirectMessagesViewController.swift in Sources */,
				6F62D2D42BE531140015D50A /* RegisterViewViewModel.swift in Sources */,
				6FCF4D762BE32E4900B2B949 /* ProfileTableViewHeader.swift in Sources */,
				6FDF461B2BE4D57C003A37C6 /* OnboardingViewController.swift in Sources */,
				6F0795522BAFCC46008E9F84 /* TweetTableViewCell.swift in Sources */,
			);
			runOnlyForDeploymentPostprocessing = 0;
		};
/* End PBXSourcesBuildPhase section */

/* Begin PBXVariantGroup section */
		6F51EF792BACFFE900D47404 /* LaunchScreen.storyboard */ = {
			isa = PBXVariantGroup;
			children = (
				6F51EF7A2BACFFE900D47404 /* Base */,
			);
			name = LaunchScreen.storyboard;
			sourceTree = "<group>";
		};
/* End PBXVariantGroup section */

/* Begin XCBuildConfiguration section */
		6F51EF7D2BACFFE900D47404 /* Debug */ = {
			isa = XCBuildConfiguration;
			buildSettings = {
				ALWAYS_SEARCH_USER_PATHS = NO;
				ASSETCATALOG_COMPILER_GENERATE_SWIFT_ASSET_SYMBOL_EXTENSIONS = YES;
				CLANG_ANALYZER_NONNULL = YES;
				CLANG_ANALYZER_NUMBER_OBJECT_CONVERSION = YES_AGGRESSIVE;
				CLANG_CXX_LANGUAGE_STANDARD = "gnu++20";
				CLANG_ENABLE_MODULES = YES;
				CLANG_ENABLE_OBJC_ARC = YES;
				CLANG_ENABLE_OBJC_WEAK = YES;
				CLANG_WARN_BLOCK_CAPTURE_AUTORELEASING = YES;
				CLANG_WARN_BOOL_CONVERSION = YES;
				CLANG_WARN_COMMA = YES;
				CLANG_WARN_CONSTANT_CONVERSION = YES;
				CLANG_WARN_DEPRECATED_OBJC_IMPLEMENTATIONS = YES;
				CLANG_WARN_DIRECT_OBJC_ISA_USAGE = YES_ERROR;
				CLANG_WARN_DOCUMENTATION_COMMENTS = YES;
				CLANG_WARN_EMPTY_BODY = YES;
				CLANG_WARN_ENUM_CONVERSION = YES;
				CLANG_WARN_INFINITE_RECURSION = YES;
				CLANG_WARN_INT_CONVERSION = YES;
				CLANG_WARN_NON_LITERAL_NULL_CONVERSION = YES;
				CLANG_WARN_OBJC_IMPLICIT_RETAIN_SELF = YES;
				CLANG_WARN_OBJC_LITERAL_CONVERSION = YES;
				CLANG_WARN_OBJC_ROOT_CLASS = YES_ERROR;
				CLANG_WARN_QUOTED_INCLUDE_IN_FRAMEWORK_HEADER = YES;
				CLANG_WARN_RANGE_LOOP_ANALYSIS = YES;
				CLANG_WARN_STRICT_PROTOTYPES = YES;
				CLANG_WARN_SUSPICIOUS_MOVE = YES;
				CLANG_WARN_UNGUARDED_AVAILABILITY = YES_AGGRESSIVE;
				CLANG_WARN_UNREACHABLE_CODE = YES;
				CLANG_WARN__DUPLICATE_METHOD_MATCH = YES;
				COPY_PHASE_STRIP = NO;
				DEBUG_INFORMATION_FORMAT = dwarf;
				ENABLE_STRICT_OBJC_MSGSEND = YES;
				ENABLE_TESTABILITY = YES;
				ENABLE_USER_SCRIPT_SANDBOXING = YES;
				GCC_C_LANGUAGE_STANDARD = gnu17;
				GCC_DYNAMIC_NO_PIC = NO;
				GCC_NO_COMMON_BLOCKS = YES;
				GCC_OPTIMIZATION_LEVEL = 0;
				GCC_PREPROCESSOR_DEFINITIONS = (
					"DEBUG=1",
					"$(inherited)",
				);
				GCC_WARN_64_TO_32_BIT_CONVERSION = YES;
				GCC_WARN_ABOUT_RETURN_TYPE = YES_ERROR;
				GCC_WARN_UNDECLARED_SELECTOR = YES;
				GCC_WARN_UNINITIALIZED_AUTOS = YES_AGGRESSIVE;
				GCC_WARN_UNUSED_FUNCTION = YES;
				GCC_WARN_UNUSED_VARIABLE = YES;
				IPHONEOS_DEPLOYMENT_TARGET = 17.4;
				LOCALIZATION_PREFERS_STRING_CATALOGS = YES;
				MTL_ENABLE_DEBUG_INFO = INCLUDE_SOURCE;
				MTL_FAST_MATH = YES;
				ONLY_ACTIVE_ARCH = YES;
				SDKROOT = iphoneos;
				SWIFT_ACTIVE_COMPILATION_CONDITIONS = "DEBUG $(inherited)";
				SWIFT_OPTIMIZATION_LEVEL = "-Onone";
			};
			name = Debug;
		};
		6F51EF7E2BACFFE900D47404 /* Release */ = {
			isa = XCBuildConfiguration;
			buildSettings = {
				ALWAYS_SEARCH_USER_PATHS = NO;
				ASSETCATALOG_COMPILER_GENERATE_SWIFT_ASSET_SYMBOL_EXTENSIONS = YES;
				CLANG_ANALYZER_NONNULL = YES;
				CLANG_ANALYZER_NUMBER_OBJECT_CONVERSION = YES_AGGRESSIVE;
				CLANG_CXX_LANGUAGE_STANDARD = "gnu++20";
				CLANG_ENABLE_MODULES = YES;
				CLANG_ENABLE_OBJC_ARC = YES;
				CLANG_ENABLE_OBJC_WEAK = YES;
				CLANG_WARN_BLOCK_CAPTURE_AUTORELEASING = YES;
				CLANG_WARN_BOOL_CONVERSION = YES;
				CLANG_WARN_COMMA = YES;
				CLANG_WARN_CONSTANT_CONVERSION = YES;
				CLANG_WARN_DEPRECATED_OBJC_IMPLEMENTATIONS = YES;
				CLANG_WARN_DIRECT_OBJC_ISA_USAGE = YES_ERROR;
				CLANG_WARN_DOCUMENTATION_COMMENTS = YES;
				CLANG_WARN_EMPTY_BODY = YES;
				CLANG_WARN_ENUM_CONVERSION = YES;
				CLANG_WARN_INFINITE_RECURSION = YES;
				CLANG_WARN_INT_CONVERSION = YES;
				CLANG_WARN_NON_LITERAL_NULL_CONVERSION = YES;
				CLANG_WARN_OBJC_IMPLICIT_RETAIN_SELF = YES;
				CLANG_WARN_OBJC_LITERAL_CONVERSION = YES;
				CLANG_WARN_OBJC_ROOT_CLASS = YES_ERROR;
				CLANG_WARN_QUOTED_INCLUDE_IN_FRAMEWORK_HEADER = YES;
				CLANG_WARN_RANGE_LOOP_ANALYSIS = YES;
				CLANG_WARN_STRICT_PROTOTYPES = YES;
				CLANG_WARN_SUSPICIOUS_MOVE = YES;
				CLANG_WARN_UNGUARDED_AVAILABILITY = YES_AGGRESSIVE;
				CLANG_WARN_UNREACHABLE_CODE = YES;
				CLANG_WARN__DUPLICATE_METHOD_MATCH = YES;
				COPY_PHASE_STRIP = NO;
				DEBUG_INFORMATION_FORMAT = "dwarf-with-dsym";
				ENABLE_NS_ASSERTIONS = NO;
				ENABLE_STRICT_OBJC_MSGSEND = YES;
				ENABLE_USER_SCRIPT_SANDBOXING = YES;
				GCC_C_LANGUAGE_STANDARD = gnu17;
				GCC_NO_COMMON_BLOCKS = YES;
				GCC_WARN_64_TO_32_BIT_CONVERSION = YES;
				GCC_WARN_ABOUT_RETURN_TYPE = YES_ERROR;
				GCC_WARN_UNDECLARED_SELECTOR = YES;
				GCC_WARN_UNINITIALIZED_AUTOS = YES_AGGRESSIVE;
				GCC_WARN_UNUSED_FUNCTION = YES;
				GCC_WARN_UNUSED_VARIABLE = YES;
				IPHONEOS_DEPLOYMENT_TARGET = 17.4;
				LOCALIZATION_PREFERS_STRING_CATALOGS = YES;
				MTL_ENABLE_DEBUG_INFO = NO;
				MTL_FAST_MATH = YES;
				SDKROOT = iphoneos;
				SWIFT_COMPILATION_MODE = wholemodule;
				VALIDATE_PRODUCT = YES;
			};
			name = Release;
		};
		6F51EF802BACFFE900D47404 /* Debug */ = {
			isa = XCBuildConfiguration;
			buildSettings = {
				ASSETCATALOG_COMPILER_APPICON_NAME = AppIcon;
				ASSETCATALOG_COMPILER_GLOBAL_ACCENT_COLOR_NAME = AccentColor;
				CODE_SIGN_STYLE = Automatic;
				CURRENT_PROJECT_VERSION = 1;
				DEVELOPMENT_TEAM = R47YA6WR5Y;
				GENERATE_INFOPLIST_FILE = YES;
				INFOPLIST_FILE = NomikTwitterClone/Info.plist;
				INFOPLIST_KEY_UIApplicationSupportsIndirectInputEvents = YES;
				INFOPLIST_KEY_UILaunchStoryboardName = LaunchScreen;
				INFOPLIST_KEY_UISupportedInterfaceOrientations_iPad = "UIInterfaceOrientationPortrait UIInterfaceOrientationPortraitUpsideDown UIInterfaceOrientationLandscapeLeft UIInterfaceOrientationLandscapeRight";
				INFOPLIST_KEY_UISupportedInterfaceOrientations_iPhone = "UIInterfaceOrientationPortrait UIInterfaceOrientationLandscapeLeft UIInterfaceOrientationLandscapeRight";
				LD_RUNPATH_SEARCH_PATHS = (
					"$(inherited)",
					"@executable_path/Frameworks",
				);
				MARKETING_VERSION = 1.0;
				PRODUCT_BUNDLE_IDENTIFIER = com.nomikPlanflag.NomikTwitterClone;
				PRODUCT_NAME = "$(TARGET_NAME)";
				SWIFT_EMIT_LOC_STRINGS = YES;
				SWIFT_VERSION = 5.0;
				TARGETED_DEVICE_FAMILY = "1,2";
			};
			name = Debug;
		};
		6F51EF812BACFFE900D47404 /* Release */ = {
			isa = XCBuildConfiguration;
			buildSettings = {
				ASSETCATALOG_COMPILER_APPICON_NAME = AppIcon;
				ASSETCATALOG_COMPILER_GLOBAL_ACCENT_COLOR_NAME = AccentColor;
				CODE_SIGN_STYLE = Automatic;
				CURRENT_PROJECT_VERSION = 1;
				DEVELOPMENT_TEAM = R47YA6WR5Y;
				GENERATE_INFOPLIST_FILE = YES;
				INFOPLIST_FILE = NomikTwitterClone/Info.plist;
				INFOPLIST_KEY_UIApplicationSupportsIndirectInputEvents = YES;
				INFOPLIST_KEY_UILaunchStoryboardName = LaunchScreen;
				INFOPLIST_KEY_UISupportedInterfaceOrientations_iPad = "UIInterfaceOrientationPortrait UIInterfaceOrientationPortraitUpsideDown UIInterfaceOrientationLandscapeLeft UIInterfaceOrientationLandscapeRight";
				INFOPLIST_KEY_UISupportedInterfaceOrientations_iPhone = "UIInterfaceOrientationPortrait UIInterfaceOrientationLandscapeLeft UIInterfaceOrientationLandscapeRight";
				LD_RUNPATH_SEARCH_PATHS = (
					"$(inherited)",
					"@executable_path/Frameworks",
				);
				MARKETING_VERSION = 1.0;
				PRODUCT_BUNDLE_IDENTIFIER = com.nomikPlanflag.NomikTwitterClone;
				PRODUCT_NAME = "$(TARGET_NAME)";
				SWIFT_EMIT_LOC_STRINGS = YES;
				SWIFT_VERSION = 5.0;
				TARGETED_DEVICE_FAMILY = "1,2";
			};
			name = Release;
		};
/* End XCBuildConfiguration section */

/* Begin XCConfigurationList section */
		6F51EF662BACFFE800D47404 /* Build configuration list for PBXProject "NomikTwitterClone" */ = {
			isa = XCConfigurationList;
			buildConfigurations = (
				6F51EF7D2BACFFE900D47404 /* Debug */,
				6F51EF7E2BACFFE900D47404 /* Release */,
			);
			defaultConfigurationIsVisible = 0;
			defaultConfigurationName = Release;
		};
		6F51EF7F2BACFFE900D47404 /* Build configuration list for PBXNativeTarget "NomikTwitterClone" */ = {
			isa = XCConfigurationList;
			buildConfigurations = (
				6F51EF802BACFFE900D47404 /* Debug */,
				6F51EF812BACFFE900D47404 /* Release */,
			);
			defaultConfigurationIsVisible = 0;
			defaultConfigurationName = Release;
		};
/* End XCConfigurationList section */

/* Begin XCRemoteSwiftPackageReference section */
		6F4886D72BE4C3AB004DEC36 /* XCRemoteSwiftPackageReference "firebase-ios-sdk" */ = {
			isa = XCRemoteSwiftPackageReference;
			repositoryURL = "https://github.com/firebase/firebase-ios-sdk";
			requirement = {
				kind = upToNextMinorVersion;
				minimumVersion = 10.25.0;
			};
		};
/* End XCRemoteSwiftPackageReference section */

/* Begin XCSwiftPackageProductDependency section */
		6FDF45E32BE4D17D003A37C6 /* FirebaseAnalytics */ = {
			isa = XCSwiftPackageProductDependency;
			package = 6F4886D72BE4C3AB004DEC36 /* XCRemoteSwiftPackageReference "firebase-ios-sdk" */;
			productName = FirebaseAnalytics;
		};
		6FDF45E52BE4D17D003A37C6 /* FirebaseAnalyticsOnDeviceConversion */ = {
			isa = XCSwiftPackageProductDependency;
			package = 6F4886D72BE4C3AB004DEC36 /* XCRemoteSwiftPackageReference "firebase-ios-sdk" */;
			productName = FirebaseAnalyticsOnDeviceConversion;
		};
		6FDF45E72BE4D17D003A37C6 /* FirebaseAnalyticsSwift */ = {
			isa = XCSwiftPackageProductDependency;
			package = 6F4886D72BE4C3AB004DEC36 /* XCRemoteSwiftPackageReference "firebase-ios-sdk" */;
			productName = FirebaseAnalyticsSwift;
		};
		6FDF45E92BE4D17D003A37C6 /* FirebaseAnalyticsWithoutAdIdSupport */ = {
			isa = XCSwiftPackageProductDependency;
			package = 6F4886D72BE4C3AB004DEC36 /* XCRemoteSwiftPackageReference "firebase-ios-sdk" */;
			productName = FirebaseAnalyticsWithoutAdIdSupport;
		};
		6FDF45EB2BE4D17D003A37C6 /* FirebaseAppCheck */ = {
			isa = XCSwiftPackageProductDependency;
			package = 6F4886D72BE4C3AB004DEC36 /* XCRemoteSwiftPackageReference "firebase-ios-sdk" */;
			productName = FirebaseAppCheck;
		};
		6FDF45ED2BE4D17D003A37C6 /* FirebaseAppDistribution-Beta */ = {
			isa = XCSwiftPackageProductDependency;
			package = 6F4886D72BE4C3AB004DEC36 /* XCRemoteSwiftPackageReference "firebase-ios-sdk" */;
			productName = "FirebaseAppDistribution-Beta";
		};
		6FDF45EF2BE4D17D003A37C6 /* FirebaseAuth */ = {
			isa = XCSwiftPackageProductDependency;
			package = 6F4886D72BE4C3AB004DEC36 /* XCRemoteSwiftPackageReference "firebase-ios-sdk" */;
			productName = FirebaseAuth;
		};
		6FDF45F12BE4D17D003A37C6 /* FirebaseAuthCombine-Community */ = {
			isa = XCSwiftPackageProductDependency;
			package = 6F4886D72BE4C3AB004DEC36 /* XCRemoteSwiftPackageReference "firebase-ios-sdk" */;
			productName = "FirebaseAuthCombine-Community";
		};
		6FDF45F32BE4D17D003A37C6 /* FirebaseCrashlytics */ = {
			isa = XCSwiftPackageProductDependency;
			package = 6F4886D72BE4C3AB004DEC36 /* XCRemoteSwiftPackageReference "firebase-ios-sdk" */;
			productName = FirebaseCrashlytics;
		};
		6FDF45F52BE4D17D003A37C6 /* FirebaseDatabase */ = {
			isa = XCSwiftPackageProductDependency;
			package = 6F4886D72BE4C3AB004DEC36 /* XCRemoteSwiftPackageReference "firebase-ios-sdk" */;
			productName = FirebaseDatabase;
		};
		6FDF45F72BE4D17D003A37C6 /* FirebaseDatabaseSwift */ = {
			isa = XCSwiftPackageProductDependency;
			package = 6F4886D72BE4C3AB004DEC36 /* XCRemoteSwiftPackageReference "firebase-ios-sdk" */;
			productName = FirebaseDatabaseSwift;
		};
		6FDF45F92BE4D17D003A37C6 /* FirebaseDynamicLinks */ = {
			isa = XCSwiftPackageProductDependency;
			package = 6F4886D72BE4C3AB004DEC36 /* XCRemoteSwiftPackageReference "firebase-ios-sdk" */;
			productName = FirebaseDynamicLinks;
		};
		6FDF45FB2BE4D17D003A37C6 /* FirebaseFirestore */ = {
			isa = XCSwiftPackageProductDependency;
			package = 6F4886D72BE4C3AB004DEC36 /* XCRemoteSwiftPackageReference "firebase-ios-sdk" */;
			productName = FirebaseFirestore;
		};
		6FDF45FD2BE4D17D003A37C6 /* FirebaseFirestoreCombine-Community */ = {
			isa = XCSwiftPackageProductDependency;
			package = 6F4886D72BE4C3AB004DEC36 /* XCRemoteSwiftPackageReference "firebase-ios-sdk" */;
			productName = "FirebaseFirestoreCombine-Community";
		};
		6FDF45FF2BE4D17D003A37C6 /* FirebaseFirestoreSwift */ = {
			isa = XCSwiftPackageProductDependency;
			package = 6F4886D72BE4C3AB004DEC36 /* XCRemoteSwiftPackageReference "firebase-ios-sdk" */;
			productName = FirebaseFirestoreSwift;
		};
		6FDF46012BE4D17D003A37C6 /* FirebaseFunctions */ = {
			isa = XCSwiftPackageProductDependency;
			package = 6F4886D72BE4C3AB004DEC36 /* XCRemoteSwiftPackageReference "firebase-ios-sdk" */;
			productName = FirebaseFunctions;
		};
		6FDF46032BE4D17D003A37C6 /* FirebaseFunctionsCombine-Community */ = {
			isa = XCSwiftPackageProductDependency;
			package = 6F4886D72BE4C3AB004DEC36 /* XCRemoteSwiftPackageReference "firebase-ios-sdk" */;
			productName = "FirebaseFunctionsCombine-Community";
		};
		6FDF46052BE4D17D003A37C6 /* FirebaseInAppMessaging-Beta */ = {
			isa = XCSwiftPackageProductDependency;
			package = 6F4886D72BE4C3AB004DEC36 /* XCRemoteSwiftPackageReference "firebase-ios-sdk" */;
			productName = "FirebaseInAppMessaging-Beta";
		};
		6FDF46072BE4D17D003A37C6 /* FirebaseInAppMessagingSwift-Beta */ = {
			isa = XCSwiftPackageProductDependency;
			package = 6F4886D72BE4C3AB004DEC36 /* XCRemoteSwiftPackageReference "firebase-ios-sdk" */;
			productName = "FirebaseInAppMessagingSwift-Beta";
		};
		6FDF46092BE4D17D003A37C6 /* FirebaseInstallations */ = {
			isa = XCSwiftPackageProductDependency;
			package = 6F4886D72BE4C3AB004DEC36 /* XCRemoteSwiftPackageReference "firebase-ios-sdk" */;
			productName = FirebaseInstallations;
		};
		6FDF460B2BE4D17D003A37C6 /* FirebaseMLModelDownloader */ = {
			isa = XCSwiftPackageProductDependency;
			package = 6F4886D72BE4C3AB004DEC36 /* XCRemoteSwiftPackageReference "firebase-ios-sdk" */;
			productName = FirebaseMLModelDownloader;
		};
		6FDF460D2BE4D17D003A37C6 /* FirebaseMessaging */ = {
			isa = XCSwiftPackageProductDependency;
			package = 6F4886D72BE4C3AB004DEC36 /* XCRemoteSwiftPackageReference "firebase-ios-sdk" */;
			productName = FirebaseMessaging;
		};
		6FDF460F2BE4D17D003A37C6 /* FirebasePerformance */ = {
			isa = XCSwiftPackageProductDependency;
			package = 6F4886D72BE4C3AB004DEC36 /* XCRemoteSwiftPackageReference "firebase-ios-sdk" */;
			productName = FirebasePerformance;
		};
		6FDF46112BE4D17D003A37C6 /* FirebaseRemoteConfig */ = {
			isa = XCSwiftPackageProductDependency;
			package = 6F4886D72BE4C3AB004DEC36 /* XCRemoteSwiftPackageReference "firebase-ios-sdk" */;
			productName = FirebaseRemoteConfig;
		};
		6FDF46132BE4D17D003A37C6 /* FirebaseRemoteConfigSwift */ = {
			isa = XCSwiftPackageProductDependency;
			package = 6F4886D72BE4C3AB004DEC36 /* XCRemoteSwiftPackageReference "firebase-ios-sdk" */;
			productName = FirebaseRemoteConfigSwift;
		};
		6FDF46152BE4D17D003A37C6 /* FirebaseStorage */ = {
			isa = XCSwiftPackageProductDependency;
			package = 6F4886D72BE4C3AB004DEC36 /* XCRemoteSwiftPackageReference "firebase-ios-sdk" */;
			productName = FirebaseStorage;
		};
		6FDF46172BE4D17D003A37C6 /* FirebaseStorageCombine-Community */ = {
			isa = XCSwiftPackageProductDependency;
			package = 6F4886D72BE4C3AB004DEC36 /* XCRemoteSwiftPackageReference "firebase-ios-sdk" */;
			productName = "FirebaseStorageCombine-Community";
		};
/* End XCSwiftPackageProductDependency section */
	};
	rootObject = 6F51EF632BACFFE800D47404 /* Project object */;
}
